// !$*UTF8*$!
{
	archiveVersion = 1;
	classes = {
	};
	objectVersion = 48;
	objects = {

/* Begin PBXBuildFile section */
		FD824483AF51891743B9593F /* Pods_weather_forecast.framework in Frameworks */ = {isa = PBXBuildFile; fileRef = B1749E7B538628D6CE58E7BF /* Pods_weather_forecast.framework */; };
		FFCECC1620854EB300B06A51 /* API.swift in Sources */ = {isa = PBXBuildFile; fileRef = FFCECC1520854EB300B06A51 /* API.swift */; };
		FFCECC1A2085518C00B06A51 /* CurrentForecast.swift in Sources */ = {isa = PBXBuildFile; fileRef = FFCECC192085518C00B06A51 /* CurrentForecast.swift */; };
		FFCECC1C2086119B00B06A51 /* ForecastTableViewCell.swift in Sources */ = {isa = PBXBuildFile; fileRef = FFCECC1B2086119B00B06A51 /* ForecastTableViewCell.swift */; };
		FFCECC1E20862C8200B06A51 /* WeatherForecast.swift in Sources */ = {isa = PBXBuildFile; fileRef = FFCECC1D20862C8200B06A51 /* WeatherForecast.swift */; };
		FFD5F5FB20851B96001F50AB /* AppDelegate.swift in Sources */ = {isa = PBXBuildFile; fileRef = FFD5F5FA20851B96001F50AB /* AppDelegate.swift */; };
		FFD5F5FD20851B96001F50AB /* ViewController.swift in Sources */ = {isa = PBXBuildFile; fileRef = FFD5F5FC20851B96001F50AB /* ViewController.swift */; };
		FFD5F60020851B96001F50AB /* Main.storyboard in Resources */ = {isa = PBXBuildFile; fileRef = FFD5F5FE20851B96001F50AB /* Main.storyboard */; };
		FFD5F60220851B96001F50AB /* Assets.xcassets in Resources */ = {isa = PBXBuildFile; fileRef = FFD5F60120851B96001F50AB /* Assets.xcassets */; };
		FFD5F60520851B96001F50AB /* LaunchScreen.storyboard in Resources */ = {isa = PBXBuildFile; fileRef = FFD5F60320851B96001F50AB /* LaunchScreen.storyboard */; };
/* End PBXBuildFile section */

/* Begin PBXFileReference section */
		5FEB4B7B30573066EA49FA13 /* Pods-weather-forecast.debug.xcconfig */ = {isa = PBXFileReference; includeInIndex = 1; lastKnownFileType = text.xcconfig; name = "Pods-weather-forecast.debug.xcconfig"; path = "Pods/Target Support Files/Pods-weather-forecast/Pods-weather-forecast.debug.xcconfig"; sourceTree = "<group>"; };
		B1749E7B538628D6CE58E7BF /* Pods_weather_forecast.framework */ = {isa = PBXFileReference; explicitFileType = wrapper.framework; includeInIndex = 0; path = Pods_weather_forecast.framework; sourceTree = BUILT_PRODUCTS_DIR; };
		C6648413303D2898A7140700 /* Pods-weather-forecast.release.xcconfig */ = {isa = PBXFileReference; includeInIndex = 1; lastKnownFileType = text.xcconfig; name = "Pods-weather-forecast.release.xcconfig"; path = "Pods/Target Support Files/Pods-weather-forecast/Pods-weather-forecast.release.xcconfig"; sourceTree = "<group>"; };
		FFCECC1520854EB300B06A51 /* API.swift */ = {isa = PBXFileReference; lastKnownFileType = sourcecode.swift; path = API.swift; sourceTree = "<group>"; };
		FFCECC192085518C00B06A51 /* CurrentForecast.swift */ = {isa = PBXFileReference; lastKnownFileType = sourcecode.swift; path = CurrentForecast.swift; sourceTree = "<group>"; };
		FFCECC1B2086119B00B06A51 /* ForecastTableViewCell.swift */ = {isa = PBXFileReference; lastKnownFileType = sourcecode.swift; path = ForecastTableViewCell.swift; sourceTree = "<group>"; };
		FFCECC1D20862C8200B06A51 /* WeatherForecast.swift */ = {isa = PBXFileReference; lastKnownFileType = sourcecode.swift; path = WeatherForecast.swift; sourceTree = "<group>"; };
		FFD5F5F720851B95001F50AB /* weather-forecast.app */ = {isa = PBXFileReference; explicitFileType = wrapper.application; includeInIndex = 0; path = "weather-forecast.app"; sourceTree = BUILT_PRODUCTS_DIR; };
		FFD5F5FA20851B96001F50AB /* AppDelegate.swift */ = {isa = PBXFileReference; lastKnownFileType = sourcecode.swift; path = AppDelegate.swift; sourceTree = "<group>"; };
		FFD5F5FC20851B96001F50AB /* ViewController.swift */ = {isa = PBXFileReference; lastKnownFileType = sourcecode.swift; path = ViewController.swift; sourceTree = "<group>"; };
		FFD5F5FF20851B96001F50AB /* Base */ = {isa = PBXFileReference; lastKnownFileType = file.storyboard; name = Base; path = Base.lproj/Main.storyboard; sourceTree = "<group>"; };
		FFD5F60120851B96001F50AB /* Assets.xcassets */ = {isa = PBXFileReference; lastKnownFileType = folder.assetcatalog; path = Assets.xcassets; sourceTree = "<group>"; };
		FFD5F60420851B96001F50AB /* Base */ = {isa = PBXFileReference; lastKnownFileType = file.storyboard; name = Base; path = Base.lproj/LaunchScreen.storyboard; sourceTree = "<group>"; };
		FFD5F60620851B96001F50AB /* Info.plist */ = {isa = PBXFileReference; lastKnownFileType = text.plist.xml; path = Info.plist; sourceTree = "<group>"; };
/* End PBXFileReference section */

/* Begin PBXFrameworksBuildPhase section */
		FFD5F5F420851B95001F50AB /* Frameworks */ = {
			isa = PBXFrameworksBuildPhase;
			buildActionMask = 2147483647;
			files = (
				FD824483AF51891743B9593F /* Pods_weather_forecast.framework in Frameworks */,
			);
			runOnlyForDeploymentPostprocessing = 0;
		};
/* End PBXFrameworksBuildPhase section */

/* Begin PBXGroup section */
		7595752BB8264164E4C3B81C /* Frameworks */ = {
			isa = PBXGroup;
			children = (
				B1749E7B538628D6CE58E7BF /* Pods_weather_forecast.framework */,
			);
			name = Frameworks;
			sourceTree = "<group>";
		};
		F3E4B071D84E4B627C716054 /* Pods */ = {
			isa = PBXGroup;
			children = (
				5FEB4B7B30573066EA49FA13 /* Pods-weather-forecast.debug.xcconfig */,
				C6648413303D2898A7140700 /* Pods-weather-forecast.release.xcconfig */,
			);
			name = Pods;
			sourceTree = "<group>";
		};
		FFD5F5EE20851B95001F50AB = {
			isa = PBXGroup;
			children = (
				FFD5F5F920851B95001F50AB /* weather-forecast */,
				FFD5F5F820851B95001F50AB /* Products */,
				F3E4B071D84E4B627C716054 /* Pods */,
				7595752BB8264164E4C3B81C /* Frameworks */,
			);
			sourceTree = "<group>";
		};
		FFD5F5F820851B95001F50AB /* Products */ = {
			isa = PBXGroup;
			children = (
				FFD5F5F720851B95001F50AB /* weather-forecast.app */,
			);
			name = Products;
			sourceTree = "<group>";
		};
		FFD5F5F920851B95001F50AB /* weather-forecast */ = {
			isa = PBXGroup;
			children = (
				FFD5F61020851BFB001F50AB /* Misc */,
				FFD5F60F20851BE8001F50AB /* Extensions */,
				FFD5F60E20851BC1001F50AB /* Model */,
				FFD5F60D20851BB9001F50AB /* View */,
				FFD5F60C20851BAE001F50AB /* Controller */,
				FFD5F5FC20851B96001F50AB /* ViewController.swift */,
				FFD5F5FE20851B96001F50AB /* Main.storyboard */,
				FFD5F60120851B96001F50AB /* Assets.xcassets */,
				FFD5F60320851B96001F50AB /* LaunchScreen.storyboard */,
				FFD5F60620851B96001F50AB /* Info.plist */,
			);
			path = "weather-forecast";
			sourceTree = "<group>";
		};
		FFD5F60C20851BAE001F50AB /* Controller */ = {
			isa = PBXGroup;
			children = (
				FFD5F5FA20851B96001F50AB /* AppDelegate.swift */,
			);
			path = Controller;
			sourceTree = "<group>";
		};
		FFD5F60D20851BB9001F50AB /* View */ = {
			isa = PBXGroup;
			children = (
				FFCECC1B2086119B00B06A51 /* ForecastTableViewCell.swift */,
			);
			path = View;
			sourceTree = "<group>";
		};
		FFD5F60E20851BC1001F50AB /* Model */ = {
			isa = PBXGroup;
			children = (
				FFCECC192085518C00B06A51 /* CurrentForecast.swift */,
				FFCECC1D20862C8200B06A51 /* WeatherForecast.swift */,
			);
			path = Model;
			sourceTree = "<group>";
		};
		FFD5F60F20851BE8001F50AB /* Extensions */ = {
			isa = PBXGroup;
			children = (
			);
			path = Extensions;
			sourceTree = "<group>";
		};
		FFD5F61020851BFB001F50AB /* Misc */ = {
			isa = PBXGroup;
			children = (
				FFCECC1520854EB300B06A51 /* API.swift */,
			);
			path = Misc;
			sourceTree = "<group>";
		};
/* End PBXGroup section */

/* Begin PBXNativeTarget section */
		FFD5F5F620851B95001F50AB /* weather-forecast */ = {
			isa = PBXNativeTarget;
			buildConfigurationList = FFD5F60920851B96001F50AB /* Build configuration list for PBXNativeTarget "weather-forecast" */;
			buildPhases = (
				14212AEE90EFC81850B166D7 /* [CP] Check Pods Manifest.lock */,
				FFD5F5F320851B95001F50AB /* Sources */,
				FFD5F5F420851B95001F50AB /* Frameworks */,
				FFD5F5F520851B95001F50AB /* Resources */,
				5F549058CD79B3BB369E0491 /* [CP] Embed Pods Frameworks */,
			);
			buildRules = (
			);
			dependencies = (
			);
			name = "weather-forecast";
			productName = "weather-forecast";
			productReference = FFD5F5F720851B95001F50AB /* weather-forecast.app */;
			productType = "com.apple.product-type.application";
		};
/* End PBXNativeTarget section */

/* Begin PBXProject section */
		FFD5F5EF20851B95001F50AB /* Project object */ = {
			isa = PBXProject;
			attributes = {
				LastSwiftUpdateCheck = 0900;
				LastUpgradeCheck = 0900;
				ORGANIZATIONNAME = "Xiong Hang Chen";
				TargetAttributes = {
					FFD5F5F620851B95001F50AB = {
						CreatedOnToolsVersion = 9.0;
						ProvisioningStyle = Automatic;
					};
				};
			};
			buildConfigurationList = FFD5F5F220851B95001F50AB /* Build configuration list for PBXProject "weather-forecast" */;
			compatibilityVersion = "Xcode 8.0";
			developmentRegion = en;
			hasScannedForEncodings = 0;
			knownRegions = (
				en,
				Base,
			);
			mainGroup = FFD5F5EE20851B95001F50AB;
			productRefGroup = FFD5F5F820851B95001F50AB /* Products */;
			projectDirPath = "";
			projectRoot = "";
			targets = (
				FFD5F5F620851B95001F50AB /* weather-forecast */,
			);
		};
/* End PBXProject section */

/* Begin PBXResourcesBuildPhase section */
		FFD5F5F520851B95001F50AB /* Resources */ = {
			isa = PBXResourcesBuildPhase;
			buildActionMask = 2147483647;
			files = (
				FFD5F60520851B96001F50AB /* LaunchScreen.storyboard in Resources */,
				FFD5F60220851B96001F50AB /* Assets.xcassets in Resources */,
				FFD5F60020851B96001F50AB /* Main.storyboard in Resources */,
			);
			runOnlyForDeploymentPostprocessing = 0;
		};
/* End PBXResourcesBuildPhase section */

/* Begin PBXShellScriptBuildPhase section */
		14212AEE90EFC81850B166D7 /* [CP] Check Pods Manifest.lock */ = {
			isa = PBXShellScriptBuildPhase;
			buildActionMask = 2147483647;
			files = (
			);
			inputPaths = (
				"${PODS_PODFILE_DIR_PATH}/Podfile.lock",
				"${PODS_ROOT}/Manifest.lock",
			);
			name = "[CP] Check Pods Manifest.lock";
			outputPaths = (
				"$(DERIVED_FILE_DIR)/Pods-weather-forecast-checkManifestLockResult.txt",
			);
			runOnlyForDeploymentPostprocessing = 0;
			shellPath = /bin/sh;
			shellScript = "diff \"${PODS_PODFILE_DIR_PATH}/Podfile.lock\" \"${PODS_ROOT}/Manifest.lock\" > /dev/null\nif [ $? != 0 ] ; then\n    # print error to STDERR\n    echo \"error: The sandbox is not in sync with the Podfile.lock. Run 'pod install' or update your CocoaPods installation.\" >&2\n    exit 1\nfi\n# This output is used by Xcode 'outputs' to avoid re-running this script phase.\necho \"SUCCESS\" > \"${SCRIPT_OUTPUT_FILE_0}\"\n";
			showEnvVarsInLog = 0;
		};
		5F549058CD79B3BB369E0491 /* [CP] Embed Pods Frameworks */ = {
			isa = PBXShellScriptBuildPhase;
			buildActionMask = 2147483647;
			files = (
			);
			inputPaths = (
				"${SRCROOT}/Pods/Target Support Files/Pods-weather-forecast/Pods-weather-forecast-frameworks.sh",
				"${BUILT_PRODUCTS_DIR}/Alamofire/Alamofire.framework",
				"${BUILT_PRODUCTS_DIR}/SwiftyJSON/SwiftyJSON.framework",
			);
			name = "[CP] Embed Pods Frameworks";
			outputPaths = (
				"${TARGET_BUILD_DIR}/${FRAMEWORKS_FOLDER_PATH}/Alamofire.framework",
				"${TARGET_BUILD_DIR}/${FRAMEWORKS_FOLDER_PATH}/SwiftyJSON.framework",
			);
			runOnlyForDeploymentPostprocessing = 0;
			shellPath = /bin/sh;
			shellScript = "\"${SRCROOT}/Pods/Target Support Files/Pods-weather-forecast/Pods-weather-forecast-frameworks.sh\"\n";
			showEnvVarsInLog = 0;
		};
/* End PBXShellScriptBuildPhase section */

/* Begin PBXSourcesBuildPhase section */
		FFD5F5F320851B95001F50AB /* Sources */ = {
			isa = PBXSourcesBuildPhase;
			buildActionMask = 2147483647;
			files = (
				FFCECC1620854EB300B06A51 /* API.swift in Sources */,
				FFCECC1C2086119B00B06A51 /* ForecastTableViewCell.swift in Sources */,
				FFD5F5FD20851B96001F50AB /* ViewController.swift in Sources */,
				FFCECC1E20862C8200B06A51 /* WeatherForecast.swift in Sources */,
				FFCECC1A2085518C00B06A51 /* CurrentForecast.swift in Sources */,
				FFD5F5FB20851B96001F50AB /* AppDelegate.swift in Sources */,
			);
			runOnlyForDeploymentPostprocessing = 0;
		};
/* End PBXSourcesBuildPhase section */

/* Begin PBXVariantGroup section */
		FFD5F5FE20851B96001F50AB /* Main.storyboard */ = {
			isa = PBXVariantGroup;
			children = (
				FFD5F5FF20851B96001F50AB /* Base */,
			);
			name = Main.storyboard;
			sourceTree = "<group>";
		};
		FFD5F60320851B96001F50AB /* LaunchScreen.storyboard */ = {
			isa = PBXVariantGroup;
			children = (
				FFD5F60420851B96001F50AB /* Base */,
			);
			name = LaunchScreen.storyboard;
			sourceTree = "<group>";
		};
/* End PBXVariantGroup section */

/* Begin XCBuildConfiguration section */
		FFD5F60720851B96001F50AB /* Debug */ = {
			isa = XCBuildConfiguration;
			buildSettings = {
				ALWAYS_SEARCH_USER_PATHS = NO;
				CLANG_ANALYZER_NONNULL = YES;
				CLANG_ANALYZER_NUMBER_OBJECT_CONVERSION = YES_AGGRESSIVE;
				CLANG_CXX_LANGUAGE_STANDARD = "gnu++14";
				CLANG_CXX_LIBRARY = "libc++";
				CLANG_ENABLE_MODULES = YES;
				CLANG_ENABLE_OBJC_ARC = YES;
				CLANG_WARN_BLOCK_CAPTURE_AUTORELEASING = YES;
				CLANG_WARN_BOOL_CONVERSION = YES;
				CLANG_WARN_COMMA = YES;
				CLANG_WARN_CONSTANT_CONVERSION = YES;
				CLANG_WARN_DIRECT_OBJC_ISA_USAGE = YES_ERROR;
				CLANG_WARN_DOCUMENTATION_COMMENTS = YES;
				CLANG_WARN_EMPTY_BODY = YES;
				CLANG_WARN_ENUM_CONVERSION = YES;
				CLANG_WARN_INFINITE_RECURSION = YES;
				CLANG_WARN_INT_CONVERSION = YES;
				CLANG_WARN_NON_LITERAL_NULL_CONVERSION = YES;
				CLANG_WARN_OBJC_LITERAL_CONVERSION = YES;
				CLANG_WARN_OBJC_ROOT_CLASS = YES_ERROR;
				CLANG_WARN_RANGE_LOOP_ANALYSIS = YES;
				CLANG_WARN_STRICT_PROTOTYPES = YES;
				CLANG_WARN_SUSPICIOUS_MOVE = YES;
				CLANG_WARN_UNGUARDED_AVAILABILITY = YES_AGGRESSIVE;
				CLANG_WARN_UNREACHABLE_CODE = YES;
				CLANG_WARN__DUPLICATE_METHOD_MATCH = YES;
				CODE_SIGN_IDENTITY = "iPhone Developer";
				COPY_PHASE_STRIP = NO;
				DEBUG_INFORMATION_FORMAT = dwarf;
				ENABLE_STRICT_OBJC_MSGSEND = YES;
				ENABLE_TESTABILITY = YES;
				GCC_C_LANGUAGE_STANDARD = gnu11;
				GCC_DYNAMIC_NO_PIC = NO;
				GCC_NO_COMMON_BLOCKS = YES;
				GCC_OPTIMIZATION_LEVEL = 0;
				GCC_PREPROCESSOR_DEFINITIONS = (
					"DEBUG=1",
					"$(inherited)",
				);
				GCC_WARN_64_TO_32_BIT_CONVERSION = YES;
				GCC_WARN_ABOUT_RETURN_TYPE = YES_ERROR;
				GCC_WARN_UNDECLARED_SELECTOR = YES;
				GCC_WARN_UNINITIALIZED_AUTOS = YES_AGGRESSIVE;
				GCC_WARN_UNUSED_FUNCTION = YES;
				GCC_WARN_UNUSED_VARIABLE = YES;
				IPHONEOS_DEPLOYMENT_TARGET = 11.0;
				MTL_ENABLE_DEBUG_INFO = YES;
				ONLY_ACTIVE_ARCH = YES;
				SDKROOT = iphoneos;
				SWIFT_ACTIVE_COMPILATION_CONDITIONS = DEBUG;
				SWIFT_OPTIMIZATION_LEVEL = "-Onone";
			};
			name = Debug;
		};
		FFD5F60820851B96001F50AB /* Release */ = {
			isa = XCBuildConfiguration;
			buildSettings = {
				ALWAYS_SEARCH_USER_PATHS = NO;
				CLANG_ANALYZER_NONNULL = YES;
				CLANG_ANALYZER_NUMBER_OBJECT_CONVERSION = YES_AGGRESSIVE;
				CLANG_CXX_LANGUAGE_STANDARD = "gnu++14";
				CLANG_CXX_LIBRARY = "libc++";
				CLANG_ENABLE_MODULES = YES;
				CLANG_ENABLE_OBJC_ARC = YES;
				CLANG_WARN_BLOCK_CAPTURE_AUTORELEASING = YES;
				CLANG_WARN_BOOL_CONVERSION = YES;
				CLANG_WARN_COMMA = YES;
				CLANG_WARN_CONSTANT_CONVERSION = YES;
				CLANG_WARN_DIRECT_OBJC_ISA_USAGE = YES_ERROR;
				CLANG_WARN_DOCUMENTATION_COMMENTS = YES;
				CLANG_WARN_EMPTY_BODY = YES;
				CLANG_WARN_ENUM_CONVERSION = YES;
				CLANG_WARN_INFINITE_RECURSION = YES;
				CLANG_WARN_INT_CONVERSION = YES;
				CLANG_WARN_NON_LITERAL_NULL_CONVERSION = YES;
				CLANG_WARN_OBJC_LITERAL_CONVERSION = YES;
				CLANG_WARN_OBJC_ROOT_CLASS = YES_ERROR;
				CLANG_WARN_RANGE_LOOP_ANALYSIS = YES;
				CLANG_WARN_STRICT_PROTOTYPES = YES;
				CLANG_WARN_SUSPICIOUS_MOVE = YES;
				CLANG_WARN_UNGUARDED_AVAILABILITY = YES_AGGRESSIVE;
				CLANG_WARN_UNREACHABLE_CODE = YES;
				CLANG_WARN__DUPLICATE_METHOD_MATCH = YES;
				CODE_SIGN_IDENTITY = "iPhone Developer";
				COPY_PHASE_STRIP = NO;
				DEBUG_INFORMATION_FORMAT = "dwarf-with-dsym";
				ENABLE_NS_ASSERTIONS = NO;
				ENABLE_STRICT_OBJC_MSGSEND = YES;
				GCC_C_LANGUAGE_STANDARD = gnu11;
				GCC_NO_COMMON_BLOCKS = YES;
				GCC_WARN_64_TO_32_BIT_CONVERSION = YES;
				GCC_WARN_ABOUT_RETURN_TYPE = YES_ERROR;
				GCC_WARN_UNDECLARED_SELECTOR = YES;
				GCC_WARN_UNINITIALIZED_AUTOS = YES_AGGRESSIVE;
				GCC_WARN_UNUSED_FUNCTION = YES;
				GCC_WARN_UNUSED_VARIABLE = YES;
				IPHONEOS_DEPLOYMENT_TARGET = 11.0;
				MTL_ENABLE_DEBUG_INFO = NO;
				SDKROOT = iphoneos;
				SWIFT_OPTIMIZATION_LEVEL = "-Owholemodule";
				VALIDATE_PRODUCT = YES;
			};
			name = Release;
		};
		FFD5F60A20851B96001F50AB /* Debug */ = {
			isa = XCBuildConfiguration;
			baseConfigurationReference = 5FEB4B7B30573066EA49FA13 /* Pods-weather-forecast.debug.xcconfig */;
			buildSettings = {
				ASSETCATALOG_COMPILER_APPICON_NAME = AppIcon;
				CODE_SIGN_STYLE = Automatic;
				INFOPLIST_FILE = "weather-forecast/Info.plist";
				LD_RUNPATH_SEARCH_PATHS = "$(inherited) @executable_path/Frameworks";
				PRODUCT_BUNDLE_IDENTIFIER = "com.xiongxhc.weather-forecast";
				PRODUCT_NAME = "$(TARGET_NAME)";
				SWIFT_VERSION = 4.0;
				TARGETED_DEVICE_FAMILY = "1,2";
			};
			name = Debug;
		};
		FFD5F60B20851B96001F50AB /* Release */ = {
			isa = XCBuildConfiguration;
			baseConfigurationReference = C6648413303D2898A7140700 /* Pods-weather-forecast.release.xcconfig */;
			buildSettings = {
				ASSETCATALOG_COMPILER_APPICON_NAME = AppIcon;
				CODE_SIGN_STYLE = Automatic;
				INFOPLIST_FILE = "weather-forecast/Info.plist";
				LD_RUNPATH_SEARCH_PATHS = "$(inherited) @executable_path/Frameworks";
				PRODUCT_BUNDLE_IDENTIFIER = "com.xiongxhc.weather-forecast";
				PRODUCT_NAME = "$(TARGET_NAME)";
				SWIFT_VERSION = 4.0;
				TARGETED_DEVICE_FAMILY = "1,2";
			};
			name = Release;
		};
/* End XCBuildConfiguration section */

/* Begin XCConfigurationList section */
		FFD5F5F220851B95001F50AB /* Build configuration list for PBXProject "weather-forecast" */ = {
			isa = XCConfigurationList;
			buildConfigurations = (
				FFD5F60720851B96001F50AB /* Debug */,
				FFD5F60820851B96001F50AB /* Release */,
			);
			defaultConfigurationIsVisible = 0;
			defaultConfigurationName = Release;
		};
		FFD5F60920851B96001F50AB /* Build configuration list for PBXNativeTarget "weather-forecast" */ = {
			isa = XCConfigurationList;
			buildConfigurations = (
				FFD5F60A20851B96001F50AB /* Debug */,
				FFD5F60B20851B96001F50AB /* Release */,
			);
			defaultConfigurationIsVisible = 0;
			defaultConfigurationName = Release;
		};
/* End XCConfigurationList section */
	};
	rootObject = FFD5F5EF20851B95001F50AB /* Project object */;
}
